
Microsoft Visual Studio Solution File, Format Version 12.00
# Visual Studio Version 17
VisualStudioVersion = 17.9.34728.123
MinimumVisualStudioVersion = 10.0.40219.1
Project("{9A19103F-16F7-4668-BE54-9A1E7A4F7556}") = "MediOra", "MediOra\MediOra.csproj", "{5E709E12-1722-4DA2-AD65-EC2568DDC072}"
EndProject
Project("{9A19103F-16F7-4668-BE54-9A1E7A4F7556}") = "MediOra.Core", "MediOra.Core\MediOra.Core.csproj", "{CAA3F615-328C-4C4F-8D72-8EEAA48E8000}"
EndProject
Project("{9A19103F-16F7-4668-BE54-9A1E7A4F7556}") = "MediOra.Infrastructure", "MediOra.Infrastructure\MediOra.Infrastructure.csproj", "{56D43714-54B9-4448-A65A-DD82FF766065}"
EndProject
Global
	GlobalSection(SolutionConfigurationPlatforms) = preSolution
		Debug|Any CPU = Debug|Any CPU
		Release|Any CPU = Release|Any CPU
	EndGlobalSection
	GlobalSection(ProjectConfigurationPlatforms) = postSolution
		{5E709E12-1722-4DA2-AD65-EC2568DDC072}.Debug|Any CPU.ActiveCfg = Debug|Any CPU
		{5E709E12-1722-4DA2-AD65-EC2568DDC072}.Debug|Any CPU.Build.0 = Debug|Any CPU
		{5E709E12-1722-4DA2-AD65-EC2568DDC072}.Release|Any CPU.ActiveCfg = Release|Any CPU
		{5E709E12-1722-4DA2-AD65-EC2568DDC072}.Release|Any CPU.Build.0 = Release|Any CPU
		{CAA3F615-328C-4C4F-8D72-8EEAA48E8000}.Debug|Any CPU.ActiveCfg = Debug|Any CPU
		{CAA3F615-328C-4C4F-8D72-8EEAA48E8000}.Debug|Any CPU.Build.0 = Debug|Any CPU
		{CAA3F615-328C-4C4F-8D72-8EEAA48E8000}.Release|Any CPU.ActiveCfg = Release|Any CPU
		{CAA3F615-328C-4C4F-8D72-8EEAA48E8000}.Release|Any CPU.Build.0 = Release|Any CPU
		{56D43714-54B9-4448-A65A-DD82FF766065}.Debug|Any CPU.ActiveCfg = Debug|Any CPU
		{56D43714-54B9-4448-A65A-DD82FF766065}.Debug|Any CPU.Build.0 = Debug|Any CPU
		{56D43714-54B9-4448-A65A-DD82FF766065}.Release|Any CPU.ActiveCfg = Release|Any CPU
		{56D43714-54B9-4448-A65A-DD82FF766065}.Release|Any CPU.Build.0 = Release|Any CPU
	EndGlobalSection
	GlobalSection(SolutionProperties) = preSolution
		HideSolutionNode = FALSE
	EndGlobalSection
	GlobalSection(ExtensibilityGlobals) = postSolution
		SolutionGuid = {DEF859A9-F34E-4D8D-BEDA-C6A3C3291C63}
	EndGlobalSection
EndGlobal
